{
  "object": {
    "pins": [
      {
        "package": "SDWebImage",
        "repositoryURL": "https://github.com/SDWebImage/SDWebImage.git",
        "state": {
          "branch": null,
          "revision": "2dcf1b65994d92ef8806f52dc41aa6fdd677489c",
          "version": "5.6.1"
        }
      }
    ]
  },
  "version": 1
}
